{
  "name": "ai-studio",
  "lockfileVersion": 3,
  "requires": true,
  "packages": {
    "": {
      "dependencies": {
        "oh-my-opencode-linux-x64": "^3.17.4"
      }
    },
    "node_modules/oh-my-opencode-linux-x64": {
      "version": "3.17.4",
      "resolved": "https://registry.npmjs.org/oh-my-opencode-linux-x64/-/oh-my-opencode-linux-x64-3.17.4.tgz",
      "integrity": "sha512-WgDiowJBI7nXxqFZDo3FbR0lRkxURrFbBjDVfpqj7jxRQfUrVtwedNjkgxCF8eBOQwoBrijTmxG40GiF4z219g==",
      "cpu": [
        "x64"
      ],
      "os": [
        "linux"
      ],
      "bin": {
        "oh-my-opencode": "bin/oh-my-opencode"
      }
    }
  }
}
